
Microsoft Visual Studio Solution File, Format Version 12.00
# Visual Studio Version 17
VisualStudioVersion = 17.3.32708.82
MinimumVisualStudioVersion = 10.0.40219.1
Project("{9A19103F-16F7-4668-BE54-9A1E7A4F7556}") = "FunBooksAndVideos.Api", "FunBooksAndVideos.Api\FunBooksAndVideos.Api.csproj", "{B0A35E0E-AF78-4AB3-8D6C-5F887C48842B}"
EndProject
Project("{FAE04EC0-301F-11D3-BF4B-00C04F79EFBC}") = "FunBooksAndVideos.Api.UnitTests", "FunBooksAndVideos.Api.UnitTests\FunBooksAndVideos.Api.UnitTests.csproj", "{B4F0F270-F732-484F-86E2-27632F299169}"
EndProject
Global
	GlobalSection(SolutionConfigurationPlatforms) = preSolution
		Debug|Any CPU = Debug|Any CPU
		Release|Any CPU = Release|Any CPU
	EndGlobalSection
	GlobalSection(ProjectConfigurationPlatforms) = postSolution
		{B0A35E0E-AF78-4AB3-8D6C-5F887C48842B}.Debug|Any CPU.ActiveCfg = Debug|Any CPU
		{B0A35E0E-AF78-4AB3-8D6C-5F887C48842B}.Debug|Any CPU.Build.0 = Debug|Any CPU
		{B0A35E0E-AF78-4AB3-8D6C-5F887C48842B}.Release|Any CPU.ActiveCfg = Release|Any CPU
		{B0A35E0E-AF78-4AB3-8D6C-5F887C48842B}.Release|Any CPU.Build.0 = Release|Any CPU
		{B4F0F270-F732-484F-86E2-27632F299169}.Debug|Any CPU.ActiveCfg = Debug|Any CPU
		{B4F0F270-F732-484F-86E2-27632F299169}.Debug|Any CPU.Build.0 = Debug|Any CPU
		{B4F0F270-F732-484F-86E2-27632F299169}.Release|Any CPU.ActiveCfg = Release|Any CPU
		{B4F0F270-F732-484F-86E2-27632F299169}.Release|Any CPU.Build.0 = Release|Any CPU
	EndGlobalSection
	GlobalSection(SolutionProperties) = preSolution
		HideSolutionNode = FALSE
	EndGlobalSection
	GlobalSection(ExtensibilityGlobals) = postSolution
		SolutionGuid = {55F87735-776C-4AC0-8934-87616BE9115D}
	EndGlobalSection
EndGlobal
